// !$*UTF8*$!
{
	archiveVersion = 1;
	classes = {
	};
	objectVersion = 50;
	objects = {

/* Begin PBXBuildFile section */
		3315D1F121C92569005DD556 /* AppDelegate.swift in Sources */ = {isa = PBXBuildFile; fileRef = 3315D1F021C92569005DD556 /* AppDelegate.swift */; };
		3315D1F321C92569005DD556 /* MovingCellsViewController.swift in Sources */ = {isa = PBXBuildFile; fileRef = 3315D1F221C92569005DD556 /* MovingCellsViewController.swift */; };
		3315D1F621C92569005DD556 /* MovingCells.storyboard in Resources */ = {isa = PBXBuildFile; fileRef = 3315D1F421C92569005DD556 /* MovingCells.storyboard */; };
		3315D1F821C9256A005DD556 /* Assets.xcassets in Resources */ = {isa = PBXBuildFile; fileRef = 3315D1F721C9256A005DD556 /* Assets.xcassets */; };
		3315D1FB21C9256A005DD556 /* LaunchScreen.storyboard in Resources */ = {isa = PBXBuildFile; fileRef = 3315D1F921C9256A005DD556 /* LaunchScreen.storyboard */; };
		3315D20321CCB3EA005DD556 /* ViewController.swift in Sources */ = {isa = PBXBuildFile; fileRef = 3315D20221CCB3EA005DD556 /* ViewController.swift */; };
		3315D20521CD15F1005DD556 /* Main.storyboard in Resources */ = {isa = PBXBuildFile; fileRef = 3315D20421CD15F1005DD556 /* Main.storyboard */; };
		332182EA21E126A5009A7479 /* AutoLayoutViewController.swift in Sources */ = {isa = PBXBuildFile; fileRef = 332182E921E126A5009A7479 /* AutoLayoutViewController.swift */; };
		332182EC21E126DF009A7479 /* AutoLayout.storyboard in Resources */ = {isa = PBXBuildFile; fileRef = 332182EB21E126DF009A7479 /* AutoLayout.storyboard */; };
		332182EF21E12774009A7479 /* AutoLayoutTableViewCell.swift in Sources */ = {isa = PBXBuildFile; fileRef = 332182ED21E12774009A7479 /* AutoLayoutTableViewCell.swift */; };
		332182F021E12774009A7479 /* AutoLayoutTableViewCell.xib in Resources */ = {isa = PBXBuildFile; fileRef = 332182EE21E12774009A7479 /* AutoLayoutTableViewCell.xib */; };
		33D9775A230E915B00843F9D /* EachCellLoading.storyboard in Resources */ = {isa = PBXBuildFile; fileRef = 33D97759230E915B00843F9D /* EachCellLoading.storyboard */; };
		33D9775C230E917400843F9D /* EachCellLoadingViewController.swift in Sources */ = {isa = PBXBuildFile; fileRef = 33D9775B230E917400843F9D /* EachCellLoadingViewController.swift */; };
		33D9775F230E923F00843F9D /* LoadingCell.xib in Resources */ = {isa = PBXBuildFile; fileRef = 33D9775D230E923F00843F9D /* LoadingCell.xib */; };
		33D97760230E923F00843F9D /* LoadingCell.swift in Sources */ = {isa = PBXBuildFile; fileRef = 33D9775E230E923F00843F9D /* LoadingCell.swift */; };
		33E1CF962306CCB700345A11 /* DisplayCellsAnimationViewController.swift in Sources */ = {isa = PBXBuildFile; fileRef = 33E1CF952306CCB700345A11 /* DisplayCellsAnimationViewController.swift */; };
		33E1CF982306CCFD00345A11 /* DisplayCellsAnimation.storyboard in Resources */ = {isa = PBXBuildFile; fileRef = 33E1CF972306CCFD00345A11 /* DisplayCellsAnimation.storyboard */; };
/* End PBXBuildFile section */

/* Begin PBXFileReference section */
		3315D1ED21C92569005DD556 /* TableView-swift.app */ = {isa = PBXFileReference; explicitFileType = wrapper.application; includeInIndex = 0; path = "TableView-swift.app"; sourceTree = BUILT_PRODUCTS_DIR; };
		3315D1F021C92569005DD556 /* AppDelegate.swift */ = {isa = PBXFileReference; lastKnownFileType = sourcecode.swift; path = AppDelegate.swift; sourceTree = "<group>"; };
		3315D1F221C92569005DD556 /* MovingCellsViewController.swift */ = {isa = PBXFileReference; lastKnownFileType = sourcecode.swift; path = MovingCellsViewController.swift; sourceTree = "<group>"; };
		3315D1F521C92569005DD556 /* Base */ = {isa = PBXFileReference; lastKnownFileType = file.storyboard; name = Base; path = Base.lproj/MovingCells.storyboard; sourceTree = "<group>"; };
		3315D1F721C9256A005DD556 /* Assets.xcassets */ = {isa = PBXFileReference; lastKnownFileType = folder.assetcatalog; path = Assets.xcassets; sourceTree = "<group>"; };
		3315D1FA21C9256A005DD556 /* Base */ = {isa = PBXFileReference; lastKnownFileType = file.storyboard; name = Base; path = Base.lproj/LaunchScreen.storyboard; sourceTree = "<group>"; };
		3315D1FC21C9256A005DD556 /* Info.plist */ = {isa = PBXFileReference; lastKnownFileType = text.plist.xml; path = Info.plist; sourceTree = "<group>"; };
		3315D20221CCB3EA005DD556 /* ViewController.swift */ = {isa = PBXFileReference; lastKnownFileType = sourcecode.swift; path = ViewController.swift; sourceTree = "<group>"; };
		3315D20421CD15F1005DD556 /* Main.storyboard */ = {isa = PBXFileReference; lastKnownFileType = file.storyboard; path = Main.storyboard; sourceTree = "<group>"; };
		332182E921E126A5009A7479 /* AutoLayoutViewController.swift */ = {isa = PBXFileReference; lastKnownFileType = sourcecode.swift; path = AutoLayoutViewController.swift; sourceTree = "<group>"; };
		332182EB21E126DF009A7479 /* AutoLayout.storyboard */ = {isa = PBXFileReference; lastKnownFileType = file.storyboard; path = AutoLayout.storyboard; sourceTree = "<group>"; };
		332182ED21E12774009A7479 /* AutoLayoutTableViewCell.swift */ = {isa = PBXFileReference; lastKnownFileType = sourcecode.swift; path = AutoLayoutTableViewCell.swift; sourceTree = "<group>"; };
		332182EE21E12774009A7479 /* AutoLayoutTableViewCell.xib */ = {isa = PBXFileReference; lastKnownFileType = file.xib; path = AutoLayoutTableViewCell.xib; sourceTree = "<group>"; };
		33D97759230E915B00843F9D /* EachCellLoading.storyboard */ = {isa = PBXFileReference; lastKnownFileType = file.storyboard; path = EachCellLoading.storyboard; sourceTree = "<group>"; };
		33D9775B230E917400843F9D /* EachCellLoadingViewController.swift */ = {isa = PBXFileReference; lastKnownFileType = sourcecode.swift; path = EachCellLoadingViewController.swift; sourceTree = "<group>"; };
		33D9775D230E923F00843F9D /* LoadingCell.xib */ = {isa = PBXFileReference; fileEncoding = 4; lastKnownFileType = file.xib; path = LoadingCell.xib; sourceTree = "<group>"; };
		33D9775E230E923F00843F9D /* LoadingCell.swift */ = {isa = PBXFileReference; fileEncoding = 4; lastKnownFileType = sourcecode.swift; path = LoadingCell.swift; sourceTree = "<group>"; };
		33E1CF952306CCB700345A11 /* DisplayCellsAnimationViewController.swift */ = {isa = PBXFileReference; lastKnownFileType = sourcecode.swift; path = DisplayCellsAnimationViewController.swift; sourceTree = "<group>"; };
		33E1CF972306CCFD00345A11 /* DisplayCellsAnimation.storyboard */ = {isa = PBXFileReference; lastKnownFileType = file.storyboard; path = DisplayCellsAnimation.storyboard; sourceTree = "<group>"; };
/* End PBXFileReference section */

/* Begin PBXFrameworksBuildPhase section */
		3315D1EA21C92569005DD556 /* Frameworks */ = {
			isa = PBXFrameworksBuildPhase;
			buildActionMask = 2147483647;
			files = (
			);
			runOnlyForDeploymentPostprocessing = 0;
		};
/* End PBXFrameworksBuildPhase section */

/* Begin PBXGroup section */
		3315D1E421C92569005DD556 = {
			isa = PBXGroup;
			children = (
				3315D1EF21C92569005DD556 /* TableView-swift */,
				3315D1EE21C92569005DD556 /* Products */,
			);
			sourceTree = "<group>";
		};
		3315D1EE21C92569005DD556 /* Products */ = {
			isa = PBXGroup;
			children = (
				3315D1ED21C92569005DD556 /* TableView-swift.app */,
			);
			name = Products;
			sourceTree = "<group>";
		};
		3315D1EF21C92569005DD556 /* TableView-swift */ = {
			isa = PBXGroup;
			children = (
				3315D20621CF8CB6005DD556 /* MovingCells */,
				332182E821E1268F009A7479 /* AutoLayout */,
				33E1CF942306CC7600345A11 /* DisplayCellsAnimation */,
				33D97758230E8F9F00843F9D /* EachCellLoading */,
				3315D1F021C92569005DD556 /* AppDelegate.swift */,
				3315D20221CCB3EA005DD556 /* ViewController.swift */,
				3315D20421CD15F1005DD556 /* Main.storyboard */,
				3315D1F721C9256A005DD556 /* Assets.xcassets */,
				3315D1F921C9256A005DD556 /* LaunchScreen.storyboard */,
				3315D1FC21C9256A005DD556 /* Info.plist */,
			);
			path = "TableView-swift";
			sourceTree = "<group>";
		};
		3315D20621CF8CB6005DD556 /* MovingCells */ = {
			isa = PBXGroup;
			children = (
				3315D1F221C92569005DD556 /* MovingCellsViewController.swift */,
				3315D1F421C92569005DD556 /* MovingCells.storyboard */,
			);
			path = MovingCells;
			sourceTree = "<group>";
		};
		332182E821E1268F009A7479 /* AutoLayout */ = {
			isa = PBXGroup;
			children = (
				332182E921E126A5009A7479 /* AutoLayoutViewController.swift */,
				332182EB21E126DF009A7479 /* AutoLayout.storyboard */,
				332182ED21E12774009A7479 /* AutoLayoutTableViewCell.swift */,
				332182EE21E12774009A7479 /* AutoLayoutTableViewCell.xib */,
			);
			path = AutoLayout;
			sourceTree = "<group>";
		};
		33D97758230E8F9F00843F9D /* EachCellLoading */ = {
			isa = PBXGroup;
			children = (
				33D9775B230E917400843F9D /* EachCellLoadingViewController.swift */,
				33D97759230E915B00843F9D /* EachCellLoading.storyboard */,
				33D9775E230E923F00843F9D /* LoadingCell.swift */,
				33D9775D230E923F00843F9D /* LoadingCell.xib */,
			);
			path = EachCellLoading;
			sourceTree = "<group>";
		};
		33E1CF942306CC7600345A11 /* DisplayCellsAnimation */ = {
			isa = PBXGroup;
			children = (
				33E1CF952306CCB700345A11 /* DisplayCellsAnimationViewController.swift */,
				33E1CF972306CCFD00345A11 /* DisplayCellsAnimation.storyboard */,
			);
			path = DisplayCellsAnimation;
			sourceTree = "<group>";
		};
/* End PBXGroup section */

/* Begin PBXNativeTarget section */
		3315D1EC21C92569005DD556 /* TableView-swift */ = {
			isa = PBXNativeTarget;
			buildConfigurationList = 3315D1FF21C9256A005DD556 /* Build configuration list for PBXNativeTarget "TableView-swift" */;
			buildPhases = (
				3315D1E921C92569005DD556 /* Sources */,
				3315D1EA21C92569005DD556 /* Frameworks */,
				3315D1EB21C92569005DD556 /* Resources */,
			);
			buildRules = (
			);
			dependencies = (
			);
			name = "TableView-swift";
			productName = "TableView-swift";
			productReference = 3315D1ED21C92569005DD556 /* TableView-swift.app */;
			productType = "com.apple.product-type.application";
		};
/* End PBXNativeTarget section */

/* Begin PBXProject section */
		3315D1E521C92569005DD556 /* Project object */ = {
			isa = PBXProject;
			attributes = {
				LastSwiftUpdateCheck = 1010;
				LastUpgradeCheck = 1010;
				ORGANIZATIONNAME = cshan;
				TargetAttributes = {
					3315D1EC21C92569005DD556 = {
						CreatedOnToolsVersion = 10.1;
					};
				};
			};
			buildConfigurationList = 3315D1E821C92569005DD556 /* Build configuration list for PBXProject "TableView-swift" */;
			compatibilityVersion = "Xcode 9.3";
			developmentRegion = en;
			hasScannedForEncodings = 0;
			knownRegions = (
				en,
				Base,
			);
			mainGroup = 3315D1E421C92569005DD556;
			productRefGroup = 3315D1EE21C92569005DD556 /* Products */;
			projectDirPath = "";
			projectRoot = "";
			targets = (
				3315D1EC21C92569005DD556 /* TableView-swift */,
			);
		};
/* End PBXProject section */

/* Begin PBXResourcesBuildPhase section */
		3315D1EB21C92569005DD556 /* Resources */ = {
			isa = PBXResourcesBuildPhase;
			buildActionMask = 2147483647;
			files = (
				33D9775A230E915B00843F9D /* EachCellLoading.storyboard in Resources */,
				3315D1FB21C9256A005DD556 /* LaunchScreen.storyboard in Resources */,
				332182EC21E126DF009A7479 /* AutoLayout.storyboard in Resources */,
				332182F021E12774009A7479 /* AutoLayoutTableViewCell.xib in Resources */,
				3315D20521CD15F1005DD556 /* Main.storyboard in Resources */,
				33D9775F230E923F00843F9D /* LoadingCell.xib in Resources */,
				3315D1F821C9256A005DD556 /* Assets.xcassets in Resources */,
				33E1CF982306CCFD00345A11 /* DisplayCellsAnimation.storyboard in Resources */,
				3315D1F621C92569005DD556 /* MovingCells.storyboard in Resources */,
			);
			runOnlyForDeploymentPostprocessing = 0;
		};
/* End PBXResourcesBuildPhase section */

/* Begin PBXSourcesBuildPhase section */
		3315D1E921C92569005DD556 /* Sources */ = {
			isa = PBXSourcesBuildPhase;
			buildActionMask = 2147483647;
			files = (
				3315D1F321C92569005DD556 /* MovingCellsViewController.swift in Sources */,
				3315D20321CCB3EA005DD556 /* ViewController.swift in Sources */,
				33D97760230E923F00843F9D /* LoadingCell.swift in Sources */,
				3315D1F121C92569005DD556 /* AppDelegate.swift in Sources */,
				33D9775C230E917400843F9D /* EachCellLoadingViewController.swift in Sources */,
				33E1CF962306CCB700345A11 /* DisplayCellsAnimationViewController.swift in Sources */,
				332182EF21E12774009A7479 /* AutoLayoutTableViewCell.swift in Sources */,
				332182EA21E126A5009A7479 /* AutoLayoutViewController.swift in Sources */,
			);
			runOnlyForDeploymentPostprocessing = 0;
		};
/* End PBXSourcesBuildPhase section */

/* Begin PBXVariantGroup section */
		3315D1F421C92569005DD556 /* MovingCells.storyboard */ = {
			isa = PBXVariantGroup;
			children = (
				3315D1F521C92569005DD556 /* Base */,
			);
			name = MovingCells.storyboard;
			sourceTree = "<group>";
		};
		3315D1F921C9256A005DD556 /* LaunchScreen.storyboard */ = {
			isa = PBXVariantGroup;
			children = (
				3315D1FA21C9256A005DD556 /* Base */,
			);
			name = LaunchScreen.storyboard;
			sourceTree = "<group>";
		};
/* End PBXVariantGroup section */

/* Begin XCBuildConfiguration section */
		3315D1FD21C9256A005DD556 /* Debug */ = {
			isa = XCBuildConfiguration;
			buildSettings = {
				ALWAYS_SEARCH_USER_PATHS = NO;
				CLANG_ANALYZER_NONNULL = YES;
				CLANG_ANALYZER_NUMBER_OBJECT_CONVERSION = YES_AGGRESSIVE;
				CLANG_CXX_LANGUAGE_STANDARD = "gnu++14";
				CLANG_CXX_LIBRARY = "libc++";
				CLANG_ENABLE_MODULES = YES;
				CLANG_ENABLE_OBJC_ARC = YES;
				CLANG_ENABLE_OBJC_WEAK = YES;
				CLANG_WARN_BLOCK_CAPTURE_AUTORELEASING = YES;
				CLANG_WARN_BOOL_CONVERSION = YES;
				CLANG_WARN_COMMA = YES;
				CLANG_WARN_CONSTANT_CONVERSION = YES;
				CLANG_WARN_DEPRECATED_OBJC_IMPLEMENTATIONS = YES;
				CLANG_WARN_DIRECT_OBJC_ISA_USAGE = YES_ERROR;
				CLANG_WARN_DOCUMENTATION_COMMENTS = YES;
				CLANG_WARN_EMPTY_BODY = YES;
				CLANG_WARN_ENUM_CONVERSION = YES;
				CLANG_WARN_INFINITE_RECURSION = YES;
				CLANG_WARN_INT_CONVERSION = YES;
				CLANG_WARN_NON_LITERAL_NULL_CONVERSION = YES;
				CLANG_WARN_OBJC_IMPLICIT_RETAIN_SELF = YES;
				CLANG_WARN_OBJC_LITERAL_CONVERSION = YES;
				CLANG_WARN_OBJC_ROOT_CLASS = YES_ERROR;
				CLANG_WARN_RANGE_LOOP_ANALYSIS = YES;
				CLANG_WARN_STRICT_PROTOTYPES = YES;
				CLANG_WARN_SUSPICIOUS_MOVE = YES;
				CLANG_WARN_UNGUARDED_AVAILABILITY = YES_AGGRESSIVE;
				CLANG_WARN_UNREACHABLE_CODE = YES;
				CLANG_WARN__DUPLICATE_METHOD_MATCH = YES;
				CODE_SIGN_IDENTITY = "iPhone Developer";
				COPY_PHASE_STRIP = NO;
				DEBUG_INFORMATION_FORMAT = dwarf;
				ENABLE_STRICT_OBJC_MSGSEND = YES;
				ENABLE_TESTABILITY = YES;
				GCC_C_LANGUAGE_STANDARD = gnu11;
				GCC_DYNAMIC_NO_PIC = NO;
				GCC_NO_COMMON_BLOCKS = YES;
				GCC_OPTIMIZATION_LEVEL = 0;
				GCC_PREPROCESSOR_DEFINITIONS = (
					"DEBUG=1",
					"$(inherited)",
				);
				GCC_WARN_64_TO_32_BIT_CONVERSION = YES;
				GCC_WARN_ABOUT_RETURN_TYPE = YES_ERROR;
				GCC_WARN_UNDECLARED_SELECTOR = YES;
				GCC_WARN_UNINITIALIZED_AUTOS = YES_AGGRESSIVE;
				GCC_WARN_UNUSED_FUNCTION = YES;
				GCC_WARN_UNUSED_VARIABLE = YES;
				IPHONEOS_DEPLOYMENT_TARGET = 12.1;
				MTL_ENABLE_DEBUG_INFO = INCLUDE_SOURCE;
				MTL_FAST_MATH = YES;
				ONLY_ACTIVE_ARCH = YES;
				SDKROOT = iphoneos;
				SWIFT_ACTIVE_COMPILATION_CONDITIONS = DEBUG;
				SWIFT_OPTIMIZATION_LEVEL = "-Onone";
			};
			name = Debug;
		};
		3315D1FE21C9256A005DD556 /* Release */ = {
			isa = XCBuildConfiguration;
			buildSettings = {
				ALWAYS_SEARCH_USER_PATHS = NO;
				CLANG_ANALYZER_NONNULL = YES;
				CLANG_ANALYZER_NUMBER_OBJECT_CONVERSION = YES_AGGRESSIVE;
				CLANG_CXX_LANGUAGE_STANDARD = "gnu++14";
				CLANG_CXX_LIBRARY = "libc++";
				CLANG_ENABLE_MODULES = YES;
				CLANG_ENABLE_OBJC_ARC = YES;
				CLANG_ENABLE_OBJC_WEAK = YES;
				CLANG_WARN_BLOCK_CAPTURE_AUTORELEASING = YES;
				CLANG_WARN_BOOL_CONVERSION = YES;
				CLANG_WARN_COMMA = YES;
				CLANG_WARN_CONSTANT_CONVERSION = YES;
				CLANG_WARN_DEPRECATED_OBJC_IMPLEMENTATIONS = YES;
				CLANG_WARN_DIRECT_OBJC_ISA_USAGE = YES_ERROR;
				CLANG_WARN_DOCUMENTATION_COMMENTS = YES;
				CLANG_WARN_EMPTY_BODY = YES;
				CLANG_WARN_ENUM_CONVERSION = YES;
				CLANG_WARN_INFINITE_RECURSION = YES;
				CLANG_WARN_INT_CONVERSION = YES;
				CLANG_WARN_NON_LITERAL_NULL_CONVERSION = YES;
				CLANG_WARN_OBJC_IMPLICIT_RETAIN_SELF = YES;
				CLANG_WARN_OBJC_LITERAL_CONVERSION = YES;
				CLANG_WARN_OBJC_ROOT_CLASS = YES_ERROR;
				CLANG_WARN_RANGE_LOOP_ANALYSIS = YES;
				CLANG_WARN_STRICT_PROTOTYPES = YES;
				CLANG_WARN_SUSPICIOUS_MOVE = YES;
				CLANG_WARN_UNGUARDED_AVAILABILITY = YES_AGGRESSIVE;
				CLANG_WARN_UNREACHABLE_CODE = YES;
				CLANG_WARN__DUPLICATE_METHOD_MATCH = YES;
				CODE_SIGN_IDENTITY = "iPhone Developer";
				COPY_PHASE_STRIP = NO;
				DEBUG_INFORMATION_FORMAT = "dwarf-with-dsym";
				ENABLE_NS_ASSERTIONS = NO;
				ENABLE_STRICT_OBJC_MSGSEND = YES;
				GCC_C_LANGUAGE_STANDARD = gnu11;
				GCC_NO_COMMON_BLOCKS = YES;
				GCC_WARN_64_TO_32_BIT_CONVERSION = YES;
				GCC_WARN_ABOUT_RETURN_TYPE = YES_ERROR;
				GCC_WARN_UNDECLARED_SELECTOR = YES;
				GCC_WARN_UNINITIALIZED_AUTOS = YES_AGGRESSIVE;
				GCC_WARN_UNUSED_FUNCTION = YES;
				GCC_WARN_UNUSED_VARIABLE = YES;
				IPHONEOS_DEPLOYMENT_TARGET = 12.1;
				MTL_ENABLE_DEBUG_INFO = NO;
				MTL_FAST_MATH = YES;
				SDKROOT = iphoneos;
				SWIFT_COMPILATION_MODE = wholemodule;
				SWIFT_OPTIMIZATION_LEVEL = "-O";
				VALIDATE_PRODUCT = YES;
			};
			name = Release;
		};
		3315D20021C9256A005DD556 /* Debug */ = {
			isa = XCBuildConfiguration;
			buildSettings = {
				ASSETCATALOG_COMPILER_APPICON_NAME = AppIcon;
				CODE_SIGN_STYLE = Automatic;
				INFOPLIST_FILE = "TableView-swift/Info.plist";
				LD_RUNPATH_SEARCH_PATHS = (
					"$(inherited)",
					"@executable_path/Frameworks",
				);
				PRODUCT_BUNDLE_IDENTIFIER = "com.cshan.TableView-swift";
				PRODUCT_NAME = "$(TARGET_NAME)";
				SWIFT_VERSION = 5.0;
				TARGETED_DEVICE_FAMILY = "1,2";
			};
			name = Debug;
		};
		3315D20121C9256A005DD556 /* Release */ = {
			isa = XCBuildConfiguration;
			buildSettings = {
				ASSETCATALOG_COMPILER_APPICON_NAME = AppIcon;
				CODE_SIGN_STYLE = Automatic;
				INFOPLIST_FILE = "TableView-swift/Info.plist";
				LD_RUNPATH_SEARCH_PATHS = (
					"$(inherited)",
					"@executable_path/Frameworks",
				);
				PRODUCT_BUNDLE_IDENTIFIER = "com.cshan.TableView-swift";
				PRODUCT_NAME = "$(TARGET_NAME)";
				SWIFT_VERSION = 5.0;
				TARGETED_DEVICE_FAMILY = "1,2";
			};
			name = Release;
		};
/* End XCBuildConfiguration section */

/* Begin XCConfigurationList section */
		3315D1E821C92569005DD556 /* Build configuration list for PBXProject "TableView-swift" */ = {
			isa = XCConfigurationList;
			buildConfigurations = (
				3315D1FD21C9256A005DD556 /* Debug */,
				3315D1FE21C9256A005DD556 /* Release */,
			);
			defaultConfigurationIsVisible = 0;
			defaultConfigurationName = Release;
		};
		3315D1FF21C9256A005DD556 /* Build configuration list for PBXNativeTarget "TableView-swift" */ = {
			isa = XCConfigurationList;
			buildConfigurations = (
				3315D20021C9256A005DD556 /* Debug */,
				3315D20121C9256A005DD556 /* Release */,
			);
			defaultConfigurationIsVisible = 0;
			defaultConfigurationName = Release;
		};
/* End XCConfigurationList section */
	};
	rootObject = 3315D1E521C92569005DD556 /* Project object */;
}
